
Microsoft Visual Studio Solution File, Format Version 12.00
# Visual Studio Version 16
Project("{8BC9CEB8-8B4A-11D0-8D11-00A0C91BC942}") = "ALL_BUILD", "ALL_BUILD.vcxproj", "{E2488AA8-7C66-3A7A-AAC6-B581629FB1F5}"
	ProjectSection(ProjectDependencies) = postProject
		{EE54C599-99D5-34D1-A826-BE4103C87AD1} = {EE54C599-99D5-34D1-A826-BE4103C87AD1}
		{988F91D9-CD6E-3F68-B110-E9EC91F1AF60} = {988F91D9-CD6E-3F68-B110-E9EC91F1AF60}
		{D7F21414-2D5E-3BB5-87B8-7B354D313550} = {D7F21414-2D5E-3BB5-87B8-7B354D313550}
		{4ED5A62F-814D-3B11-A392-23BA75A266F8} = {4ED5A62F-814D-3B11-A392-23BA75A266F8}
		{3AEDB37E-DB41-38D7-8DA8-6DEE200A2690} = {3AEDB37E-DB41-38D7-8DA8-6DEE200A2690}
		{D2A5A05D-FD23-3E87-89F9-E123573FC1B9} = {D2A5A05D-FD23-3E87-89F9-E123573FC1B9}
		{6A4DE043-E6A2-3257-A822-53D7EB60B80B} = {6A4DE043-E6A2-3257-A822-53D7EB60B80B}
		{583343AE-C54B-3797-AB3A-C294AF4337B2} = {583343AE-C54B-3797-AB3A-C294AF4337B2}
		{63FD33C2-DCF7-3346-8DE5-8A59F2527E43} = {63FD33C2-DCF7-3346-8DE5-8A59F2527E43}
		{87F50594-5D92-3381-8480-9A8B47995B50} = {87F50594-5D92-3381-8480-9A8B47995B50}
		{58B6C63D-067B-3757-BDE4-42D630F314C3} = {58B6C63D-067B-3757-BDE4-42D630F314C3}
		{33B13608-3D52-32FC-9999-73AACD52C544} = {33B13608-3D52-32FC-9999-73AACD52C544}
	EndProjectSection
EndProject
Project("{8BC9CEB8-8B4A-11D0-8D11-00A0C91BC942}") = "FLASH_ERASE", "FLASH_ERASE.vcxproj", "{9D492594-94C2-328C-84DC-9373A13B5EC7}"
	ProjectSection(ProjectDependencies) = postProject
		{988F91D9-CD6E-3F68-B110-E9EC91F1AF60} = {988F91D9-CD6E-3F68-B110-E9EC91F1AF60}
	EndProjectSection
EndProject
Project("{8BC9CEB8-8B4A-11D0-8D11-00A0C91BC942}") = "FLASH_pinetime-app", "FLASH_pinetime-app.vcxproj", "{E3369EC2-F3F3-3AF2-ACF3-7396D68BC7A0}"
	ProjectSection(ProjectDependencies) = postProject
		{988F91D9-CD6E-3F68-B110-E9EC91F1AF60} = {988F91D9-CD6E-3F68-B110-E9EC91F1AF60}
		{6A4DE043-E6A2-3257-A822-53D7EB60B80B} = {6A4DE043-E6A2-3257-A822-53D7EB60B80B}
	EndProjectSection
EndProject
Project("{8BC9CEB8-8B4A-11D0-8D11-00A0C91BC942}") = "QCBOR", "QCBOR.vcxproj", "{EE54C599-99D5-34D1-A826-BE4103C87AD1}"
	ProjectSection(ProjectDependencies) = postProject
		{988F91D9-CD6E-3F68-B110-E9EC91F1AF60} = {988F91D9-CD6E-3F68-B110-E9EC91F1AF60}
	EndProjectSection
EndProject
Project("{8BC9CEB8-8B4A-11D0-8D11-00A0C91BC942}") = "ZERO_CHECK", "..\\ZERO_CHECK.vcxproj", "{988F91D9-CD6E-3F68-B110-E9EC91F1AF60}"
	ProjectSection(ProjectDependencies) = postProject
	EndProjectSection
EndProject
Project("{8BC9CEB8-8B4A-11D0-8D11-00A0C91BC942}") = "littlefs", "littlefs.vcxproj", "{D7F21414-2D5E-3BB5-87B8-7B354D313550}"
	ProjectSection(ProjectDependencies) = postProject
		{988F91D9-CD6E-3F68-B110-E9EC91F1AF60} = {988F91D9-CD6E-3F68-B110-E9EC91F1AF60}
	EndProjectSection
EndProject
Project("{8BC9CEB8-8B4A-11D0-8D11-00A0C91BC942}") = "lvgl", "lvgl.vcxproj", "{4ED5A62F-814D-3B11-A392-23BA75A266F8}"
	ProjectSection(ProjectDependencies) = postProject
		{988F91D9-CD6E-3F68-B110-E9EC91F1AF60} = {988F91D9-CD6E-3F68-B110-E9EC91F1AF60}
	EndProjectSection
EndProject
Project("{8BC9CEB8-8B4A-11D0-8D11-00A0C91BC942}") = "nimble", "nimble.vcxproj", "{3AEDB37E-DB41-38D7-8DA8-6DEE200A2690}"
	ProjectSection(ProjectDependencies) = postProject
		{988F91D9-CD6E-3F68-B110-E9EC91F1AF60} = {988F91D9-CD6E-3F68-B110-E9EC91F1AF60}
	EndProjectSection
EndProject
Project("{8BC9CEB8-8B4A-11D0-8D11-00A0C91BC942}") = "nrf-sdk", "nrf-sdk.vcxproj", "{D2A5A05D-FD23-3E87-89F9-E123573FC1B9}"
	ProjectSection(ProjectDependencies) = postProject
		{988F91D9-CD6E-3F68-B110-E9EC91F1AF60} = {988F91D9-CD6E-3F68-B110-E9EC91F1AF60}
	EndProjectSection
EndProject
Project("{8BC9CEB8-8B4A-11D0-8D11-00A0C91BC942}") = "pinetime-app", "pinetime-app.vcxproj", "{6A4DE043-E6A2-3257-A822-53D7EB60B80B}"
	ProjectSection(ProjectDependencies) = postProject
		{EE54C599-99D5-34D1-A826-BE4103C87AD1} = {EE54C599-99D5-34D1-A826-BE4103C87AD1}
		{988F91D9-CD6E-3F68-B110-E9EC91F1AF60} = {988F91D9-CD6E-3F68-B110-E9EC91F1AF60}
		{D7F21414-2D5E-3BB5-87B8-7B354D313550} = {D7F21414-2D5E-3BB5-87B8-7B354D313550}
		{4ED5A62F-814D-3B11-A392-23BA75A266F8} = {4ED5A62F-814D-3B11-A392-23BA75A266F8}
		{3AEDB37E-DB41-38D7-8DA8-6DEE200A2690} = {3AEDB37E-DB41-38D7-8DA8-6DEE200A2690}
		{D2A5A05D-FD23-3E87-89F9-E123573FC1B9} = {D2A5A05D-FD23-3E87-89F9-E123573FC1B9}
	EndProjectSection
EndProject
Project("{8BC9CEB8-8B4A-11D0-8D11-00A0C91BC942}") = "pinetime-mcuboot-app", "pinetime-mcuboot-app.vcxproj", "{583343AE-C54B-3797-AB3A-C294AF4337B2}"
	ProjectSection(ProjectDependencies) = postProject
		{EE54C599-99D5-34D1-A826-BE4103C87AD1} = {EE54C599-99D5-34D1-A826-BE4103C87AD1}
		{988F91D9-CD6E-3F68-B110-E9EC91F1AF60} = {988F91D9-CD6E-3F68-B110-E9EC91F1AF60}
		{D7F21414-2D5E-3BB5-87B8-7B354D313550} = {D7F21414-2D5E-3BB5-87B8-7B354D313550}
		{4ED5A62F-814D-3B11-A392-23BA75A266F8} = {4ED5A62F-814D-3B11-A392-23BA75A266F8}
		{3AEDB37E-DB41-38D7-8DA8-6DEE200A2690} = {3AEDB37E-DB41-38D7-8DA8-6DEE200A2690}
		{D2A5A05D-FD23-3E87-89F9-E123573FC1B9} = {D2A5A05D-FD23-3E87-89F9-E123573FC1B9}
	EndProjectSection
EndProject
Project("{8BC9CEB8-8B4A-11D0-8D11-00A0C91BC942}") = "pinetime-mcuboot-recovery", "pinetime-mcuboot-recovery.vcxproj", "{63FD33C2-DCF7-3346-8DE5-8A59F2527E43}"
	ProjectSection(ProjectDependencies) = postProject
		{EE54C599-99D5-34D1-A826-BE4103C87AD1} = {EE54C599-99D5-34D1-A826-BE4103C87AD1}
		{988F91D9-CD6E-3F68-B110-E9EC91F1AF60} = {988F91D9-CD6E-3F68-B110-E9EC91F1AF60}
		{D7F21414-2D5E-3BB5-87B8-7B354D313550} = {D7F21414-2D5E-3BB5-87B8-7B354D313550}
		{3AEDB37E-DB41-38D7-8DA8-6DEE200A2690} = {3AEDB37E-DB41-38D7-8DA8-6DEE200A2690}
		{D2A5A05D-FD23-3E87-89F9-E123573FC1B9} = {D2A5A05D-FD23-3E87-89F9-E123573FC1B9}
	EndProjectSection
EndProject
Project("{8BC9CEB8-8B4A-11D0-8D11-00A0C91BC942}") = "pinetime-mcuboot-recovery-loader", "pinetime-mcuboot-recovery-loader.vcxproj", "{87F50594-5D92-3381-8480-9A8B47995B50}"
	ProjectSection(ProjectDependencies) = postProject
		{EE54C599-99D5-34D1-A826-BE4103C87AD1} = {EE54C599-99D5-34D1-A826-BE4103C87AD1}
		{988F91D9-CD6E-3F68-B110-E9EC91F1AF60} = {988F91D9-CD6E-3F68-B110-E9EC91F1AF60}
		{D2A5A05D-FD23-3E87-89F9-E123573FC1B9} = {D2A5A05D-FD23-3E87-89F9-E123573FC1B9}
		{63FD33C2-DCF7-3346-8DE5-8A59F2527E43} = {63FD33C2-DCF7-3346-8DE5-8A59F2527E43}
	EndProjectSection
EndProject
Project("{8BC9CEB8-8B4A-11D0-8D11-00A0C91BC942}") = "pinetime-recovery", "pinetime-recovery.vcxproj", "{58B6C63D-067B-3757-BDE4-42D630F314C3}"
	ProjectSection(ProjectDependencies) = postProject
		{EE54C599-99D5-34D1-A826-BE4103C87AD1} = {EE54C599-99D5-34D1-A826-BE4103C87AD1}
		{988F91D9-CD6E-3F68-B110-E9EC91F1AF60} = {988F91D9-CD6E-3F68-B110-E9EC91F1AF60}
		{D7F21414-2D5E-3BB5-87B8-7B354D313550} = {D7F21414-2D5E-3BB5-87B8-7B354D313550}
		{3AEDB37E-DB41-38D7-8DA8-6DEE200A2690} = {3AEDB37E-DB41-38D7-8DA8-6DEE200A2690}
		{D2A5A05D-FD23-3E87-89F9-E123573FC1B9} = {D2A5A05D-FD23-3E87-89F9-E123573FC1B9}
	EndProjectSection
EndProject
Project("{8BC9CEB8-8B4A-11D0-8D11-00A0C91BC942}") = "pinetime-recovery-loader", "pinetime-recovery-loader.vcxproj", "{33B13608-3D52-32FC-9999-73AACD52C544}"
	ProjectSection(ProjectDependencies) = postProject
		{EE54C599-99D5-34D1-A826-BE4103C87AD1} = {EE54C599-99D5-34D1-A826-BE4103C87AD1}
		{988F91D9-CD6E-3F68-B110-E9EC91F1AF60} = {988F91D9-CD6E-3F68-B110-E9EC91F1AF60}
		{D2A5A05D-FD23-3E87-89F9-E123573FC1B9} = {D2A5A05D-FD23-3E87-89F9-E123573FC1B9}
		{63FD33C2-DCF7-3346-8DE5-8A59F2527E43} = {63FD33C2-DCF7-3346-8DE5-8A59F2527E43}
	EndProjectSection
EndProject
Global
	GlobalSection(SolutionConfigurationPlatforms) = preSolution
		Debug|x64 = Debug|x64
		Release|x64 = Release|x64
		MinSizeRel|x64 = MinSizeRel|x64
		RelWithDebInfo|x64 = RelWithDebInfo|x64
	EndGlobalSection
	GlobalSection(ProjectConfigurationPlatforms) = postSolution
		{E2488AA8-7C66-3A7A-AAC6-B581629FB1F5}.Debug|x64.ActiveCfg = Debug|x64
		{E2488AA8-7C66-3A7A-AAC6-B581629FB1F5}.Release|x64.ActiveCfg = Release|x64
		{E2488AA8-7C66-3A7A-AAC6-B581629FB1F5}.MinSizeRel|x64.ActiveCfg = MinSizeRel|x64
		{E2488AA8-7C66-3A7A-AAC6-B581629FB1F5}.RelWithDebInfo|x64.ActiveCfg = RelWithDebInfo|x64
		{9D492594-94C2-328C-84DC-9373A13B5EC7}.Debug|x64.ActiveCfg = Debug|x64
		{9D492594-94C2-328C-84DC-9373A13B5EC7}.Release|x64.ActiveCfg = Release|x64
		{9D492594-94C2-328C-84DC-9373A13B5EC7}.MinSizeRel|x64.ActiveCfg = MinSizeRel|x64
		{9D492594-94C2-328C-84DC-9373A13B5EC7}.RelWithDebInfo|x64.ActiveCfg = RelWithDebInfo|x64
		{E3369EC2-F3F3-3AF2-ACF3-7396D68BC7A0}.Debug|x64.ActiveCfg = Debug|x64
		{E3369EC2-F3F3-3AF2-ACF3-7396D68BC7A0}.Release|x64.ActiveCfg = Release|x64
		{E3369EC2-F3F3-3AF2-ACF3-7396D68BC7A0}.MinSizeRel|x64.ActiveCfg = MinSizeRel|x64
		{E3369EC2-F3F3-3AF2-ACF3-7396D68BC7A0}.RelWithDebInfo|x64.ActiveCfg = RelWithDebInfo|x64
		{EE54C599-99D5-34D1-A826-BE4103C87AD1}.Debug|x64.ActiveCfg = Debug|x64
		{EE54C599-99D5-34D1-A826-BE4103C87AD1}.Debug|x64.Build.0 = Debug|x64
		{EE54C599-99D5-34D1-A826-BE4103C87AD1}.Release|x64.ActiveCfg = Release|x64
		{EE54C599-99D5-34D1-A826-BE4103C87AD1}.Release|x64.Build.0 = Release|x64
		{EE54C599-99D5-34D1-A826-BE4103C87AD1}.MinSizeRel|x64.ActiveCfg = MinSizeRel|x64
		{EE54C599-99D5-34D1-A826-BE4103C87AD1}.MinSizeRel|x64.Build.0 = MinSizeRel|x64
		{EE54C599-99D5-34D1-A826-BE4103C87AD1}.RelWithDebInfo|x64.ActiveCfg = RelWithDebInfo|x64
		{EE54C599-99D5-34D1-A826-BE4103C87AD1}.RelWithDebInfo|x64.Build.0 = RelWithDebInfo|x64
		{988F91D9-CD6E-3F68-B110-E9EC91F1AF60}.Debug|x64.ActiveCfg = Debug|x64
		{988F91D9-CD6E-3F68-B110-E9EC91F1AF60}.Debug|x64.Build.0 = Debug|x64
		{988F91D9-CD6E-3F68-B110-E9EC91F1AF60}.Release|x64.ActiveCfg = Release|x64
		{988F91D9-CD6E-3F68-B110-E9EC91F1AF60}.Release|x64.Build.0 = Release|x64
		{988F91D9-CD6E-3F68-B110-E9EC91F1AF60}.MinSizeRel|x64.ActiveCfg = MinSizeRel|x64
		{988F91D9-CD6E-3F68-B110-E9EC91F1AF60}.MinSizeRel|x64.Build.0 = MinSizeRel|x64
		{988F91D9-CD6E-3F68-B110-E9EC91F1AF60}.RelWithDebInfo|x64.ActiveCfg = RelWithDebInfo|x64
		{988F91D9-CD6E-3F68-B110-E9EC91F1AF60}.RelWithDebInfo|x64.Build.0 = RelWithDebInfo|x64
		{D7F21414-2D5E-3BB5-87B8-7B354D313550}.Debug|x64.ActiveCfg = Debug|x64
		{D7F21414-2D5E-3BB5-87B8-7B354D313550}.Debug|x64.Build.0 = Debug|x64
		{D7F21414-2D5E-3BB5-87B8-7B354D313550}.Release|x64.ActiveCfg = Release|x64
		{D7F21414-2D5E-3BB5-87B8-7B354D313550}.Release|x64.Build.0 = Release|x64
		{D7F21414-2D5E-3BB5-87B8-7B354D313550}.MinSizeRel|x64.ActiveCfg = MinSizeRel|x64
		{D7F21414-2D5E-3BB5-87B8-7B354D313550}.MinSizeRel|x64.Build.0 = MinSizeRel|x64
		{D7F21414-2D5E-3BB5-87B8-7B354D313550}.RelWithDebInfo|x64.ActiveCfg = RelWithDebInfo|x64
		{D7F21414-2D5E-3BB5-87B8-7B354D313550}.RelWithDebInfo|x64.Build.0 = RelWithDebInfo|x64
		{4ED5A62F-814D-3B11-A392-23BA75A266F8}.Debug|x64.ActiveCfg = Debug|x64
		{4ED5A62F-814D-3B11-A392-23BA75A266F8}.Debug|x64.Build.0 = Debug|x64
		{4ED5A62F-814D-3B11-A392-23BA75A266F8}.Release|x64.ActiveCfg = Release|x64
		{4ED5A62F-814D-3B11-A392-23BA75A266F8}.Release|x64.Build.0 = Release|x64
		{4ED5A62F-814D-3B11-A392-23BA75A266F8}.MinSizeRel|x64.ActiveCfg = MinSizeRel|x64
		{4ED5A62F-814D-3B11-A392-23BA75A266F8}.MinSizeRel|x64.Build.0 = MinSizeRel|x64
		{4ED5A62F-814D-3B11-A392-23BA75A266F8}.RelWithDebInfo|x64.ActiveCfg = RelWithDebInfo|x64
		{4ED5A62F-814D-3B11-A392-23BA75A266F8}.RelWithDebInfo|x64.Build.0 = RelWithDebInfo|x64
		{3AEDB37E-DB41-38D7-8DA8-6DEE200A2690}.Debug|x64.ActiveCfg = Debug|x64
		{3AEDB37E-DB41-38D7-8DA8-6DEE200A2690}.Debug|x64.Build.0 = Debug|x64
		{3AEDB37E-DB41-38D7-8DA8-6DEE200A2690}.Release|x64.ActiveCfg = Release|x64
		{3AEDB37E-DB41-38D7-8DA8-6DEE200A2690}.Release|x64.Build.0 = Release|x64
		{3AEDB37E-DB41-38D7-8DA8-6DEE200A2690}.MinSizeRel|x64.ActiveCfg = MinSizeRel|x64
		{3AEDB37E-DB41-38D7-8DA8-6DEE200A2690}.MinSizeRel|x64.Build.0 = MinSizeRel|x64
		{3AEDB37E-DB41-38D7-8DA8-6DEE200A2690}.RelWithDebInfo|x64.ActiveCfg = RelWithDebInfo|x64
		{3AEDB37E-DB41-38D7-8DA8-6DEE200A2690}.RelWithDebInfo|x64.Build.0 = RelWithDebInfo|x64
		{D2A5A05D-FD23-3E87-89F9-E123573FC1B9}.Debug|x64.ActiveCfg = Debug|x64
		{D2A5A05D-FD23-3E87-89F9-E123573FC1B9}.Debug|x64.Build.0 = Debug|x64
		{D2A5A05D-FD23-3E87-89F9-E123573FC1B9}.Release|x64.ActiveCfg = Release|x64
		{D2A5A05D-FD23-3E87-89F9-E123573FC1B9}.Release|x64.Build.0 = Release|x64
		{D2A5A05D-FD23-3E87-89F9-E123573FC1B9}.MinSizeRel|x64.ActiveCfg = MinSizeRel|x64
		{D2A5A05D-FD23-3E87-89F9-E123573FC1B9}.MinSizeRel|x64.Build.0 = MinSizeRel|x64
		{D2A5A05D-FD23-3E87-89F9-E123573FC1B9}.RelWithDebInfo|x64.ActiveCfg = RelWithDebInfo|x64
		{D2A5A05D-FD23-3E87-89F9-E123573FC1B9}.RelWithDebInfo|x64.Build.0 = RelWithDebInfo|x64
		{6A4DE043-E6A2-3257-A822-53D7EB60B80B}.Debug|x64.ActiveCfg = Debug|x64
		{6A4DE043-E6A2-3257-A822-53D7EB60B80B}.Debug|x64.Build.0 = Debug|x64
		{6A4DE043-E6A2-3257-A822-53D7EB60B80B}.Release|x64.ActiveCfg = Release|x64
		{6A4DE043-E6A2-3257-A822-53D7EB60B80B}.Release|x64.Build.0 = Release|x64
		{6A4DE043-E6A2-3257-A822-53D7EB60B80B}.MinSizeRel|x64.ActiveCfg = MinSizeRel|x64
		{6A4DE043-E6A2-3257-A822-53D7EB60B80B}.MinSizeRel|x64.Build.0 = MinSizeRel|x64
		{6A4DE043-E6A2-3257-A822-53D7EB60B80B}.RelWithDebInfo|x64.ActiveCfg = RelWithDebInfo|x64
		{6A4DE043-E6A2-3257-A822-53D7EB60B80B}.RelWithDebInfo|x64.Build.0 = RelWithDebInfo|x64
		{583343AE-C54B-3797-AB3A-C294AF4337B2}.Debug|x64.ActiveCfg = Debug|x64
		{583343AE-C54B-3797-AB3A-C294AF4337B2}.Debug|x64.Build.0 = Debug|x64
		{583343AE-C54B-3797-AB3A-C294AF4337B2}.Release|x64.ActiveCfg = Release|x64
		{583343AE-C54B-3797-AB3A-C294AF4337B2}.Release|x64.Build.0 = Release|x64
		{583343AE-C54B-3797-AB3A-C294AF4337B2}.MinSizeRel|x64.ActiveCfg = MinSizeRel|x64
		{583343AE-C54B-3797-AB3A-C294AF4337B2}.MinSizeRel|x64.Build.0 = MinSizeRel|x64
		{583343AE-C54B-3797-AB3A-C294AF4337B2}.RelWithDebInfo|x64.ActiveCfg = RelWithDebInfo|x64
		{583343AE-C54B-3797-AB3A-C294AF4337B2}.RelWithDebInfo|x64.Build.0 = RelWithDebInfo|x64
		{63FD33C2-DCF7-3346-8DE5-8A59F2527E43}.Debug|x64.ActiveCfg = Debug|x64
		{63FD33C2-DCF7-3346-8DE5-8A59F2527E43}.Debug|x64.Build.0 = Debug|x64
		{63FD33C2-DCF7-3346-8DE5-8A59F2527E43}.Release|x64.ActiveCfg = Release|x64
		{63FD33C2-DCF7-3346-8DE5-8A59F2527E43}.Release|x64.Build.0 = Release|x64
		{63FD33C2-DCF7-3346-8DE5-8A59F2527E43}.MinSizeRel|x64.ActiveCfg = MinSizeRel|x64
		{63FD33C2-DCF7-3346-8DE5-8A59F2527E43}.MinSizeRel|x64.Build.0 = MinSizeRel|x64
		{63FD33C2-DCF7-3346-8DE5-8A59F2527E43}.RelWithDebInfo|x64.ActiveCfg = RelWithDebInfo|x64
		{63FD33C2-DCF7-3346-8DE5-8A59F2527E43}.RelWithDebInfo|x64.Build.0 = RelWithDebInfo|x64
		{87F50594-5D92-3381-8480-9A8B47995B50}.Debug|x64.ActiveCfg = Debug|x64
		{87F50594-5D92-3381-8480-9A8B47995B50}.Debug|x64.Build.0 = Debug|x64
		{87F50594-5D92-3381-8480-9A8B47995B50}.Release|x64.ActiveCfg = Release|x64
		{87F50594-5D92-3381-8480-9A8B47995B50}.Release|x64.Build.0 = Release|x64
		{87F50594-5D92-3381-8480-9A8B47995B50}.MinSizeRel|x64.ActiveCfg = MinSizeRel|x64
		{87F50594-5D92-3381-8480-9A8B47995B50}.MinSizeRel|x64.Build.0 = MinSizeRel|x64
		{87F50594-5D92-3381-8480-9A8B47995B50}.RelWithDebInfo|x64.ActiveCfg = RelWithDebInfo|x64
		{87F50594-5D92-3381-8480-9A8B47995B50}.RelWithDebInfo|x64.Build.0 = RelWithDebInfo|x64
		{58B6C63D-067B-3757-BDE4-42D630F314C3}.Debug|x64.ActiveCfg = Debug|x64
		{58B6C63D-067B-3757-BDE4-42D630F314C3}.Debug|x64.Build.0 = Debug|x64
		{58B6C63D-067B-3757-BDE4-42D630F314C3}.Release|x64.ActiveCfg = Release|x64
		{58B6C63D-067B-3757-BDE4-42D630F314C3}.Release|x64.Build.0 = Release|x64
		{58B6C63D-067B-3757-BDE4-42D630F314C3}.MinSizeRel|x64.ActiveCfg = MinSizeRel|x64
		{58B6C63D-067B-3757-BDE4-42D630F314C3}.MinSizeRel|x64.Build.0 = MinSizeRel|x64
		{58B6C63D-067B-3757-BDE4-42D630F314C3}.RelWithDebInfo|x64.ActiveCfg = RelWithDebInfo|x64
		{58B6C63D-067B-3757-BDE4-42D630F314C3}.RelWithDebInfo|x64.Build.0 = RelWithDebInfo|x64
		{33B13608-3D52-32FC-9999-73AACD52C544}.Debug|x64.ActiveCfg = Debug|x64
		{33B13608-3D52-32FC-9999-73AACD52C544}.Debug|x64.Build.0 = Debug|x64
		{33B13608-3D52-32FC-9999-73AACD52C544}.Release|x64.ActiveCfg = Release|x64
		{33B13608-3D52-32FC-9999-73AACD52C544}.Release|x64.Build.0 = Release|x64
		{33B13608-3D52-32FC-9999-73AACD52C544}.MinSizeRel|x64.ActiveCfg = MinSizeRel|x64
		{33B13608-3D52-32FC-9999-73AACD52C544}.MinSizeRel|x64.Build.0 = MinSizeRel|x64
		{33B13608-3D52-32FC-9999-73AACD52C544}.RelWithDebInfo|x64.ActiveCfg = RelWithDebInfo|x64
		{33B13608-3D52-32FC-9999-73AACD52C544}.RelWithDebInfo|x64.Build.0 = RelWithDebInfo|x64
	EndGlobalSection
	GlobalSection(ExtensibilityGlobals) = postSolution
		SolutionGuid = {E58E28C8-193A-3681-B5E0-968AE4F0F00B}
	EndGlobalSection
	GlobalSection(ExtensibilityAddIns) = postSolution
	EndGlobalSection
EndGlobal
